
Microsoft Visual Studio Solution File, Format Version 11.00
# Visual Studio 2010
# SharpDevelop 5.1
Project("{FAE04EC0-301F-11D3-BF4B-00C04F79EFBC}") = "feladat", "feladat.csproj", "{ACB749C1-452D-4AD0-BEEC-473802D29723}"
EndProject
Global
	GlobalSection(SolutionConfigurationPlatforms) = preSolution
		Debug|Any CPU = Debug|Any CPU
		Release|Any CPU = Release|Any CPU
	EndGlobalSection
	GlobalSection(ProjectConfigurationPlatforms) = postSolution
		{ACB749C1-452D-4AD0-BEEC-473802D29723}.Debug|Any CPU.ActiveCfg = Debug|Any CPU
		{ACB749C1-452D-4AD0-BEEC-473802D29723}.Debug|Any CPU.Build.0 = Debug|Any CPU
		{ACB749C1-452D-4AD0-BEEC-473802D29723}.Release|Any CPU.ActiveCfg = Release|Any CPU
		{ACB749C1-452D-4AD0-BEEC-473802D29723}.Release|Any CPU.Build.0 = Release|Any CPU
	EndGlobalSection
EndGlobal
