
Microsoft Visual Studio Solution File, Format Version 11.00
# Visual Studio 2010
# SharpDevelop 5.1
Project("{FAE04EC0-301F-11D3-BF4B-00C04F79EFBC}") = "start", "start\start.csproj", "{3BF446EF-9760-461B-A4D0-EB5B9B24ABF6}"
EndProject
Project("{FAE04EC0-301F-11D3-BF4B-00C04F79EFBC}") = "tutorial", "..\..\..\tutorial\tutorial.csproj", "{FC5A83F5-D343-47A4-92DA-26B545F60013}"
EndProject
Project("{FAE04EC0-301F-11D3-BF4B-00C04F79EFBC}") = "feladat", "..\..\..\feladat\feladat.csproj", "{ACB749C1-452D-4AD0-BEEC-473802D29723}"
EndProject
Project("{FAE04EC0-301F-11D3-BF4B-00C04F79EFBC}") = "operators", "..\..\..\operators\operators.csproj", "{F835B606-F8D3-4B94-8EA4-645B7DC69F6A}"
EndProject
Project("{FAE04EC0-301F-11D3-BF4B-00C04F79EFBC}") = "array", "..\..\..\array\array.csproj", "{FB5F29E9-C02B-474C-A727-DB66D139F790}"
EndProject
Project("{FAE04EC0-301F-11D3-BF4B-00C04F79EFBC}") = "feladat2", "..\..\..\feladat2\feladat2.csproj", "{61FD35AE-CE17-4C11-AC87-30483888ADE7}"
EndProject
Global
	GlobalSection(SolutionConfigurationPlatforms) = preSolution
		Debug|Any CPU = Debug|Any CPU
		Release|Any CPU = Release|Any CPU
	EndGlobalSection
	GlobalSection(ProjectConfigurationPlatforms) = postSolution
		{3BF446EF-9760-461B-A4D0-EB5B9B24ABF6}.Debug|Any CPU.ActiveCfg = Debug|Any CPU
		{3BF446EF-9760-461B-A4D0-EB5B9B24ABF6}.Debug|Any CPU.Build.0 = Debug|Any CPU
		{3BF446EF-9760-461B-A4D0-EB5B9B24ABF6}.Release|Any CPU.ActiveCfg = Release|Any CPU
		{3BF446EF-9760-461B-A4D0-EB5B9B24ABF6}.Release|Any CPU.Build.0 = Release|Any CPU
		{FC5A83F5-D343-47A4-92DA-26B545F60013}.Debug|Any CPU.ActiveCfg = Debug|Any CPU
		{FC5A83F5-D343-47A4-92DA-26B545F60013}.Debug|Any CPU.Build.0 = Debug|Any CPU
		{FC5A83F5-D343-47A4-92DA-26B545F60013}.Release|Any CPU.ActiveCfg = Release|Any CPU
		{FC5A83F5-D343-47A4-92DA-26B545F60013}.Release|Any CPU.Build.0 = Release|Any CPU
		{ACB749C1-452D-4AD0-BEEC-473802D29723}.Debug|Any CPU.ActiveCfg = Debug|Any CPU
		{ACB749C1-452D-4AD0-BEEC-473802D29723}.Debug|Any CPU.Build.0 = Debug|Any CPU
		{ACB749C1-452D-4AD0-BEEC-473802D29723}.Release|Any CPU.ActiveCfg = Release|Any CPU
		{ACB749C1-452D-4AD0-BEEC-473802D29723}.Release|Any CPU.Build.0 = Release|Any CPU
		{F835B606-F8D3-4B94-8EA4-645B7DC69F6A}.Debug|Any CPU.ActiveCfg = Debug|Any CPU
		{F835B606-F8D3-4B94-8EA4-645B7DC69F6A}.Debug|Any CPU.Build.0 = Debug|Any CPU
		{F835B606-F8D3-4B94-8EA4-645B7DC69F6A}.Release|Any CPU.ActiveCfg = Release|Any CPU
		{F835B606-F8D3-4B94-8EA4-645B7DC69F6A}.Release|Any CPU.Build.0 = Release|Any CPU
		{FB5F29E9-C02B-474C-A727-DB66D139F790}.Debug|Any CPU.ActiveCfg = Debug|Any CPU
		{FB5F29E9-C02B-474C-A727-DB66D139F790}.Debug|Any CPU.Build.0 = Debug|Any CPU
		{FB5F29E9-C02B-474C-A727-DB66D139F790}.Release|Any CPU.ActiveCfg = Release|Any CPU
		{FB5F29E9-C02B-474C-A727-DB66D139F790}.Release|Any CPU.Build.0 = Release|Any CPU
		{61FD35AE-CE17-4C11-AC87-30483888ADE7}.Debug|Any CPU.ActiveCfg = Debug|Any CPU
		{61FD35AE-CE17-4C11-AC87-30483888ADE7}.Debug|Any CPU.Build.0 = Debug|Any CPU
		{61FD35AE-CE17-4C11-AC87-30483888ADE7}.Release|Any CPU.ActiveCfg = Release|Any CPU
		{61FD35AE-CE17-4C11-AC87-30483888ADE7}.Release|Any CPU.Build.0 = Release|Any CPU
	EndGlobalSection
EndGlobal
